
Microsoft Visual Studio Solution File, Format Version 10.00
# Visual Studio 2008
Project("{FAE04EC0-301F-11D3-BF4B-00C04F79EFBC}") = "Betfair.Net", "Betfair.Net\Betfair.Net.csproj", "{B0E4C055-48E2-4122-96D4-0D2F127637CA}"
EndProject
Project("{F2A71F9B-5D33-465A-A702-920D77279786}") = "Betfair.Net.FSharp", "Betfair.Net.FSharp\Betfair.Net.FSharp.fsproj", "{CF1E1BA6-678A-4583-8BFF-C979E1368256}"
EndProject
Global
	GlobalSection(SolutionConfigurationPlatforms) = preSolution
		Debug|Any CPU = Debug|Any CPU
		Release|Any CPU = Release|Any CPU
	EndGlobalSection
	GlobalSection(ProjectConfigurationPlatforms) = postSolution
		{B0E4C055-48E2-4122-96D4-0D2F127637CA}.Debug|Any CPU.ActiveCfg = Debug|Any CPU
		{B0E4C055-48E2-4122-96D4-0D2F127637CA}.Debug|Any CPU.Build.0 = Debug|Any CPU
		{B0E4C055-48E2-4122-96D4-0D2F127637CA}.Release|Any CPU.ActiveCfg = Release|Any CPU
		{B0E4C055-48E2-4122-96D4-0D2F127637CA}.Release|Any CPU.Build.0 = Release|Any CPU
		{CF1E1BA6-678A-4583-8BFF-C979E1368256}.Debug|Any CPU.ActiveCfg = Debug|Any CPU
		{CF1E1BA6-678A-4583-8BFF-C979E1368256}.Debug|Any CPU.Build.0 = Debug|Any CPU
		{CF1E1BA6-678A-4583-8BFF-C979E1368256}.Release|Any CPU.ActiveCfg = Release|Any CPU
		{CF1E1BA6-678A-4583-8BFF-C979E1368256}.Release|Any CPU.Build.0 = Release|Any CPU
	EndGlobalSection
	GlobalSection(SolutionProperties) = preSolution
		HideSolutionNode = FALSE
	EndGlobalSection
EndGlobal
