
Microsoft Visual Studio Solution File, Format Version 10.00
# Visual Studio 2008
Project("{FAE04EC0-301F-11D3-BF4B-00C04F79EFBC}") = "BFCompressedParser", "BFCompressedParser\BFCompressedParser.csproj", "{A44AE5B7-FAF2-4892-98C3-CEE9FF575FAD}"
EndProject
Project("{FAE04EC0-301F-11D3-BF4B-00C04F79EFBC}") = "TestSuite", "TestSuite\TestSuite.csproj", "{AAA708F4-1847-4B83-8428-E4DB88301509}"
EndProject
Global
	GlobalSection(SolutionConfigurationPlatforms) = preSolution
		Debug|Any CPU = Debug|Any CPU
		Release|Any CPU = Release|Any CPU
	EndGlobalSection
	GlobalSection(ProjectConfigurationPlatforms) = postSolution
		{A44AE5B7-FAF2-4892-98C3-CEE9FF575FAD}.Debug|Any CPU.ActiveCfg = Debug|Any CPU
		{A44AE5B7-FAF2-4892-98C3-CEE9FF575FAD}.Debug|Any CPU.Build.0 = Debug|Any CPU
		{A44AE5B7-FAF2-4892-98C3-CEE9FF575FAD}.Release|Any CPU.ActiveCfg = Release|Any CPU
		{A44AE5B7-FAF2-4892-98C3-CEE9FF575FAD}.Release|Any CPU.Build.0 = Release|Any CPU
		{AAA708F4-1847-4B83-8428-E4DB88301509}.Debug|Any CPU.ActiveCfg = Debug|Any CPU
		{AAA708F4-1847-4B83-8428-E4DB88301509}.Debug|Any CPU.Build.0 = Debug|Any CPU
		{AAA708F4-1847-4B83-8428-E4DB88301509}.Release|Any CPU.ActiveCfg = Release|Any CPU
		{AAA708F4-1847-4B83-8428-E4DB88301509}.Release|Any CPU.Build.0 = Release|Any CPU
	EndGlobalSection
	GlobalSection(SolutionProperties) = preSolution
		HideSolutionNode = FALSE
	EndGlobalSection
EndGlobal
